
Microsoft Visual Studio Solution File, Format Version 12.00
# Visual Studio Version 17
VisualStudioVersion = 17.7.34018.315
MinimumVisualStudioVersion = 10.0.40219.1
Project("{FAE04EC0-301F-11D3-BF4B-00C04F79EFBC}") = "InlämningsUppgift", "InlämningsUppgift\InlämningsUppgift.csproj", "{C0809787-593A-4A7E-8936-C9AD5EBD59B6}"
EndProject
Global
	GlobalSection(SolutionConfigurationPlatforms) = preSolution
		Debug|Any CPU = Debug|Any CPU
		Release|Any CPU = Release|Any CPU
	EndGlobalSection
	GlobalSection(ProjectConfigurationPlatforms) = postSolution
		{C0809787-593A-4A7E-8936-C9AD5EBD59B6}.Debug|Any CPU.ActiveCfg = Debug|Any CPU
		{C0809787-593A-4A7E-8936-C9AD5EBD59B6}.Debug|Any CPU.Build.0 = Debug|Any CPU
		{C0809787-593A-4A7E-8936-C9AD5EBD59B6}.Release|Any CPU.ActiveCfg = Release|Any CPU
		{C0809787-593A-4A7E-8936-C9AD5EBD59B6}.Release|Any CPU.Build.0 = Release|Any CPU
	EndGlobalSection
	GlobalSection(SolutionProperties) = preSolution
		HideSolutionNode = FALSE
	EndGlobalSection
	GlobalSection(ExtensibilityGlobals) = postSolution
		SolutionGuid = {546AA3ED-F205-48B0-A20E-D8F4CA02343E}
	EndGlobalSection
EndGlobal
